
Microsoft Visual Studio Solution File, Format Version 12.00
# Visual Studio Version 17
VisualStudioVersion = 17.5.33530.505
MinimumVisualStudioVersion = 10.0.40219.1
Project("{9A19103F-16F7-4668-BE54-9A1E7A4F7556}") = "Escalas.API", "Escalas.API\Escalas.API.csproj", "{92EBAF16-7B4C-41B7-A451-906A7A80DC0C}"
EndProject
Project("{9A19103F-16F7-4668-BE54-9A1E7A4F7556}") = "Escalas.Domain", "Escalas.Domain\Escalas.Domain.csproj", "{A2C69EF0-5FC4-46E5-85A3-AB71EA5A77F0}"
EndProject
Project("{9A19103F-16F7-4668-BE54-9A1E7A4F7556}") = "Escalas.Infrastructure", "Escalas.Infrastructure\Escalas.Infrastructure.csproj", "{CA064FEF-43F9-4548-95B1-F59337C20EDC}"
EndProject
Project("{9A19103F-16F7-4668-BE54-9A1E7A4F7556}") = "Escalas.Application", "Escalas.Application\Escalas.Application.csproj", "{13749658-A851-4D9F-88CF-6EEB762CF92D}"
EndProject
Project("{9A19103F-16F7-4668-BE54-9A1E7A4F7556}") = "Escalas.CrossCutting", "Escalas.CrossCutting\Escalas.CrossCutting.csproj", "{4435D15B-570C-446E-A8ED-9F578C97EF2B}"
EndProject
Global
	GlobalSection(SolutionConfigurationPlatforms) = preSolution
		Debug|Any CPU = Debug|Any CPU
		Release|Any CPU = Release|Any CPU
	EndGlobalSection
	GlobalSection(ProjectConfigurationPlatforms) = postSolution
		{92EBAF16-7B4C-41B7-A451-906A7A80DC0C}.Debug|Any CPU.ActiveCfg = Debug|Any CPU
		{92EBAF16-7B4C-41B7-A451-906A7A80DC0C}.Debug|Any CPU.Build.0 = Debug|Any CPU
		{92EBAF16-7B4C-41B7-A451-906A7A80DC0C}.Release|Any CPU.ActiveCfg = Release|Any CPU
		{92EBAF16-7B4C-41B7-A451-906A7A80DC0C}.Release|Any CPU.Build.0 = Release|Any CPU
		{A2C69EF0-5FC4-46E5-85A3-AB71EA5A77F0}.Debug|Any CPU.ActiveCfg = Debug|Any CPU
		{A2C69EF0-5FC4-46E5-85A3-AB71EA5A77F0}.Debug|Any CPU.Build.0 = Debug|Any CPU
		{A2C69EF0-5FC4-46E5-85A3-AB71EA5A77F0}.Release|Any CPU.ActiveCfg = Release|Any CPU
		{A2C69EF0-5FC4-46E5-85A3-AB71EA5A77F0}.Release|Any CPU.Build.0 = Release|Any CPU
		{CA064FEF-43F9-4548-95B1-F59337C20EDC}.Debug|Any CPU.ActiveCfg = Debug|Any CPU
		{CA064FEF-43F9-4548-95B1-F59337C20EDC}.Debug|Any CPU.Build.0 = Debug|Any CPU
		{CA064FEF-43F9-4548-95B1-F59337C20EDC}.Release|Any CPU.ActiveCfg = Release|Any CPU
		{CA064FEF-43F9-4548-95B1-F59337C20EDC}.Release|Any CPU.Build.0 = Release|Any CPU
		{13749658-A851-4D9F-88CF-6EEB762CF92D}.Debug|Any CPU.ActiveCfg = Debug|Any CPU
		{13749658-A851-4D9F-88CF-6EEB762CF92D}.Debug|Any CPU.Build.0 = Debug|Any CPU
		{13749658-A851-4D9F-88CF-6EEB762CF92D}.Release|Any CPU.ActiveCfg = Release|Any CPU
		{13749658-A851-4D9F-88CF-6EEB762CF92D}.Release|Any CPU.Build.0 = Release|Any CPU
		{4435D15B-570C-446E-A8ED-9F578C97EF2B}.Debug|Any CPU.ActiveCfg = Debug|Any CPU
		{4435D15B-570C-446E-A8ED-9F578C97EF2B}.Debug|Any CPU.Build.0 = Debug|Any CPU
		{4435D15B-570C-446E-A8ED-9F578C97EF2B}.Release|Any CPU.ActiveCfg = Release|Any CPU
		{4435D15B-570C-446E-A8ED-9F578C97EF2B}.Release|Any CPU.Build.0 = Release|Any CPU
	EndGlobalSection
	GlobalSection(SolutionProperties) = preSolution
		HideSolutionNode = FALSE
	EndGlobalSection
	GlobalSection(ExtensibilityGlobals) = postSolution
		SolutionGuid = {50A68BFA-8BDD-4E80-9A55-C78AE685431E}
	EndGlobalSection
EndGlobal
